
Microsoft Visual Studio Solution File, Format Version 12.00
# Visual Studio 15
VisualStudioVersion = 15.0.26403.7
MinimumVisualStudioVersion = 10.0.40219.1
Project("{2150E333-8FDC-42A3-9474-1A3956D46DE8}") = "src", "src", "{97762AE8-DB0B-4024-A0A5-49EE8CD23B5A}"
EndProject
Project("{9A19103F-16F7-4668-BE54-9A1E7A4F7556}") = "CleanKludge.Server", "src\CleanKludge.Server\CleanKludge.Server.csproj", "{60534A73-C49A-4318-9014-33633A9ADB8A}"
EndProject
Project("{FAE04EC0-301F-11D3-BF4B-00C04F79EFBC}") = "CleanKludge.Core", "src\CleanKludge.Core\CleanKludge.Core.csproj", "{86B7C98A-8067-4A5F-952A-20E18F3AC61E}"
EndProject
Project("{FAE04EC0-301F-11D3-BF4B-00C04F79EFBC}") = "CleanKludge.Data.File", "src\CleanKludge.Data.File\CleanKludge.Data.File.csproj", "{A017BFDF-310B-4054-B7EE-1A6E19C4E13D}"
EndProject
Project("{FAE04EC0-301F-11D3-BF4B-00C04F79EFBC}") = "CleanKludge.Services", "src\CleanKludge.Services\CleanKludge.Services.csproj", "{83AA5797-028F-4F5F-A517-E37D56D5C5EF}"
EndProject
Project("{FAE04EC0-301F-11D3-BF4B-00C04F79EFBC}") = "CleanKludge.Api", "src\CleanKludge.Api\CleanKludge.Api.csproj", "{89259CF8-1C49-45EC-B88F-416DBD07A011}"
EndProject
Project("{2150E333-8FDC-42A3-9474-1A3956D46DE8}") = "tests", "tests", "{C810F127-D199-485E-A2C2-8DD345B9B5B2}"
EndProject
Project("{FAE04EC0-301F-11D3-BF4B-00C04F79EFBC}") = "CleanKludge.Integration.Tests", "tests\CleanKludge.Integration.Tests\CleanKludge.Integration.Tests.csproj", "{52B267BC-579C-482F-806C-139DAD50B7E4}"
EndProject
Project("{FAE04EC0-301F-11D3-BF4B-00C04F79EFBC}") = "CleanKludge.Core.Unit.Tests", "tests\CleanKludge.Core.Unit.Tests\CleanKludge.Core.Unit.Tests.csproj", "{34AFA6C3-76A4-4C16-AF9B-28B5B3716D34}"
EndProject
Project("{FAE04EC0-301F-11D3-BF4B-00C04F79EFBC}") = "CleanKludge.Data.File.Unit.Tests", "tests\CleanKludge.Data.File.Unit.Tests\CleanKludge.Data.File.Unit.Tests.csproj", "{846C5162-E4ED-484C-B8BD-9A6045AF8850}"
EndProject
Project("{FAE04EC0-301F-11D3-BF4B-00C04F79EFBC}") = "CleanKludge.Data.Git", "src\CleanKludge.Data.Git\CleanKludge.Data.Git.csproj", "{7BA522BD-0BED-4051-AEDC-F10D6D35397A}"
EndProject
Global
	GlobalSection(SolutionConfigurationPlatforms) = preSolution
		Debug|Any CPU = Debug|Any CPU
		Debug|x64 = Debug|x64
		Debug|x86 = Debug|x86
		Release|Any CPU = Release|Any CPU
		Release|x64 = Release|x64
		Release|x86 = Release|x86
	EndGlobalSection
	GlobalSection(ProjectConfigurationPlatforms) = postSolution
		{60534A73-C49A-4318-9014-33633A9ADB8A}.Debug|Any CPU.ActiveCfg = Debug|Any CPU
		{60534A73-C49A-4318-9014-33633A9ADB8A}.Debug|Any CPU.Build.0 = Debug|Any CPU
		{60534A73-C49A-4318-9014-33633A9ADB8A}.Debug|x64.ActiveCfg = Debug|Any CPU
		{60534A73-C49A-4318-9014-33633A9ADB8A}.Debug|x64.Build.0 = Debug|Any CPU
		{60534A73-C49A-4318-9014-33633A9ADB8A}.Debug|x86.ActiveCfg = Debug|Any CPU
		{60534A73-C49A-4318-9014-33633A9ADB8A}.Debug|x86.Build.0 = Debug|Any CPU
		{60534A73-C49A-4318-9014-33633A9ADB8A}.Release|Any CPU.ActiveCfg = Release|Any CPU
		{60534A73-C49A-4318-9014-33633A9ADB8A}.Release|Any CPU.Build.0 = Release|Any CPU
		{60534A73-C49A-4318-9014-33633A9ADB8A}.Release|x64.ActiveCfg = Release|Any CPU
		{60534A73-C49A-4318-9014-33633A9ADB8A}.Release|x64.Build.0 = Release|Any CPU
		{60534A73-C49A-4318-9014-33633A9ADB8A}.Release|x86.ActiveCfg = Release|Any CPU
		{60534A73-C49A-4318-9014-33633A9ADB8A}.Release|x86.Build.0 = Release|Any CPU
		{86B7C98A-8067-4A5F-952A-20E18F3AC61E}.Debug|Any CPU.ActiveCfg = Debug|Any CPU
		{86B7C98A-8067-4A5F-952A-20E18F3AC61E}.Debug|Any CPU.Build.0 = Debug|Any CPU
		{86B7C98A-8067-4A5F-952A-20E18F3AC61E}.Debug|x64.ActiveCfg = Debug|Any CPU
		{86B7C98A-8067-4A5F-952A-20E18F3AC61E}.Debug|x64.Build.0 = Debug|Any CPU
		{86B7C98A-8067-4A5F-952A-20E18F3AC61E}.Debug|x86.ActiveCfg = Debug|Any CPU
		{86B7C98A-8067-4A5F-952A-20E18F3AC61E}.Debug|x86.Build.0 = Debug|Any CPU
		{86B7C98A-8067-4A5F-952A-20E18F3AC61E}.Release|Any CPU.ActiveCfg = Release|Any CPU
		{86B7C98A-8067-4A5F-952A-20E18F3AC61E}.Release|Any CPU.Build.0 = Release|Any CPU
		{86B7C98A-8067-4A5F-952A-20E18F3AC61E}.Release|x64.ActiveCfg = Release|Any CPU
		{86B7C98A-8067-4A5F-952A-20E18F3AC61E}.Release|x64.Build.0 = Release|Any CPU
		{86B7C98A-8067-4A5F-952A-20E18F3AC61E}.Release|x86.ActiveCfg = Release|Any CPU
		{86B7C98A-8067-4A5F-952A-20E18F3AC61E}.Release|x86.Build.0 = Release|Any CPU
		{A017BFDF-310B-4054-B7EE-1A6E19C4E13D}.Debug|Any CPU.ActiveCfg = Debug|Any CPU
		{A017BFDF-310B-4054-B7EE-1A6E19C4E13D}.Debug|Any CPU.Build.0 = Debug|Any CPU
		{A017BFDF-310B-4054-B7EE-1A6E19C4E13D}.Debug|x64.ActiveCfg = Debug|Any CPU
		{A017BFDF-310B-4054-B7EE-1A6E19C4E13D}.Debug|x64.Build.0 = Debug|Any CPU
		{A017BFDF-310B-4054-B7EE-1A6E19C4E13D}.Debug|x86.ActiveCfg = Debug|Any CPU
		{A017BFDF-310B-4054-B7EE-1A6E19C4E13D}.Debug|x86.Build.0 = Debug|Any CPU
		{A017BFDF-310B-4054-B7EE-1A6E19C4E13D}.Release|Any CPU.ActiveCfg = Release|Any CPU
		{A017BFDF-310B-4054-B7EE-1A6E19C4E13D}.Release|Any CPU.Build.0 = Release|Any CPU
		{A017BFDF-310B-4054-B7EE-1A6E19C4E13D}.Release|x64.ActiveCfg = Release|Any CPU
		{A017BFDF-310B-4054-B7EE-1A6E19C4E13D}.Release|x64.Build.0 = Release|Any CPU
		{A017BFDF-310B-4054-B7EE-1A6E19C4E13D}.Release|x86.ActiveCfg = Release|Any CPU
		{A017BFDF-310B-4054-B7EE-1A6E19C4E13D}.Release|x86.Build.0 = Release|Any CPU
		{83AA5797-028F-4F5F-A517-E37D56D5C5EF}.Debug|Any CPU.ActiveCfg = Debug|Any CPU
		{83AA5797-028F-4F5F-A517-E37D56D5C5EF}.Debug|Any CPU.Build.0 = Debug|Any CPU
		{83AA5797-028F-4F5F-A517-E37D56D5C5EF}.Debug|x64.ActiveCfg = Debug|Any CPU
		{83AA5797-028F-4F5F-A517-E37D56D5C5EF}.Debug|x64.Build.0 = Debug|Any CPU
		{83AA5797-028F-4F5F-A517-E37D56D5C5EF}.Debug|x86.ActiveCfg = Debug|Any CPU
		{83AA5797-028F-4F5F-A517-E37D56D5C5EF}.Debug|x86.Build.0 = Debug|Any CPU
		{83AA5797-028F-4F5F-A517-E37D56D5C5EF}.Release|Any CPU.ActiveCfg = Release|Any CPU
		{83AA5797-028F-4F5F-A517-E37D56D5C5EF}.Release|Any CPU.Build.0 = Release|Any CPU
		{83AA5797-028F-4F5F-A517-E37D56D5C5EF}.Release|x64.ActiveCfg = Release|Any CPU
		{83AA5797-028F-4F5F-A517-E37D56D5C5EF}.Release|x64.Build.0 = Release|Any CPU
		{83AA5797-028F-4F5F-A517-E37D56D5C5EF}.Release|x86.ActiveCfg = Release|Any CPU
		{83AA5797-028F-4F5F-A517-E37D56D5C5EF}.Release|x86.Build.0 = Release|Any CPU
		{89259CF8-1C49-45EC-B88F-416DBD07A011}.Debug|Any CPU.ActiveCfg = Debug|Any CPU
		{89259CF8-1C49-45EC-B88F-416DBD07A011}.Debug|Any CPU.Build.0 = Debug|Any CPU
		{89259CF8-1C49-45EC-B88F-416DBD07A011}.Debug|x64.ActiveCfg = Debug|Any CPU
		{89259CF8-1C49-45EC-B88F-416DBD07A011}.Debug|x64.Build.0 = Debug|Any CPU
		{89259CF8-1C49-45EC-B88F-416DBD07A011}.Debug|x86.ActiveCfg = Debug|Any CPU
		{89259CF8-1C49-45EC-B88F-416DBD07A011}.Debug|x86.Build.0 = Debug|Any CPU
		{89259CF8-1C49-45EC-B88F-416DBD07A011}.Release|Any CPU.ActiveCfg = Release|Any CPU
		{89259CF8-1C49-45EC-B88F-416DBD07A011}.Release|Any CPU.Build.0 = Release|Any CPU
		{89259CF8-1C49-45EC-B88F-416DBD07A011}.Release|x64.ActiveCfg = Release|Any CPU
		{89259CF8-1C49-45EC-B88F-416DBD07A011}.Release|x64.Build.0 = Release|Any CPU
		{89259CF8-1C49-45EC-B88F-416DBD07A011}.Release|x86.ActiveCfg = Release|Any CPU
		{89259CF8-1C49-45EC-B88F-416DBD07A011}.Release|x86.Build.0 = Release|Any CPU
		{52B267BC-579C-482F-806C-139DAD50B7E4}.Debug|Any CPU.ActiveCfg = Debug|Any CPU
		{52B267BC-579C-482F-806C-139DAD50B7E4}.Debug|Any CPU.Build.0 = Debug|Any CPU
		{52B267BC-579C-482F-806C-139DAD50B7E4}.Debug|x64.ActiveCfg = Debug|Any CPU
		{52B267BC-579C-482F-806C-139DAD50B7E4}.Debug|x64.Build.0 = Debug|Any CPU
		{52B267BC-579C-482F-806C-139DAD50B7E4}.Debug|x86.ActiveCfg = Debug|Any CPU
		{52B267BC-579C-482F-806C-139DAD50B7E4}.Debug|x86.Build.0 = Debug|Any CPU
		{52B267BC-579C-482F-806C-139DAD50B7E4}.Release|Any CPU.ActiveCfg = Release|Any CPU
		{52B267BC-579C-482F-806C-139DAD50B7E4}.Release|Any CPU.Build.0 = Release|Any CPU
		{52B267BC-579C-482F-806C-139DAD50B7E4}.Release|x64.ActiveCfg = Release|Any CPU
		{52B267BC-579C-482F-806C-139DAD50B7E4}.Release|x64.Build.0 = Release|Any CPU
		{52B267BC-579C-482F-806C-139DAD50B7E4}.Release|x86.ActiveCfg = Release|Any CPU
		{52B267BC-579C-482F-806C-139DAD50B7E4}.Release|x86.Build.0 = Release|Any CPU
		{34AFA6C3-76A4-4C16-AF9B-28B5B3716D34}.Debug|Any CPU.ActiveCfg = Debug|Any CPU
		{34AFA6C3-76A4-4C16-AF9B-28B5B3716D34}.Debug|Any CPU.Build.0 = Debug|Any CPU
		{34AFA6C3-76A4-4C16-AF9B-28B5B3716D34}.Debug|x64.ActiveCfg = Debug|Any CPU
		{34AFA6C3-76A4-4C16-AF9B-28B5B3716D34}.Debug|x64.Build.0 = Debug|Any CPU
		{34AFA6C3-76A4-4C16-AF9B-28B5B3716D34}.Debug|x86.ActiveCfg = Debug|Any CPU
		{34AFA6C3-76A4-4C16-AF9B-28B5B3716D34}.Debug|x86.Build.0 = Debug|Any CPU
		{34AFA6C3-76A4-4C16-AF9B-28B5B3716D34}.Release|Any CPU.ActiveCfg = Release|Any CPU
		{34AFA6C3-76A4-4C16-AF9B-28B5B3716D34}.Release|Any CPU.Build.0 = Release|Any CPU
		{34AFA6C3-76A4-4C16-AF9B-28B5B3716D34}.Release|x64.ActiveCfg = Release|Any CPU
		{34AFA6C3-76A4-4C16-AF9B-28B5B3716D34}.Release|x64.Build.0 = Release|Any CPU
		{34AFA6C3-76A4-4C16-AF9B-28B5B3716D34}.Release|x86.ActiveCfg = Release|Any CPU
		{34AFA6C3-76A4-4C16-AF9B-28B5B3716D34}.Release|x86.Build.0 = Release|Any CPU
		{846C5162-E4ED-484C-B8BD-9A6045AF8850}.Debug|Any CPU.ActiveCfg = Debug|Any CPU
		{846C5162-E4ED-484C-B8BD-9A6045AF8850}.Debug|Any CPU.Build.0 = Debug|Any CPU
		{846C5162-E4ED-484C-B8BD-9A6045AF8850}.Debug|x64.ActiveCfg = Debug|Any CPU
		{846C5162-E4ED-484C-B8BD-9A6045AF8850}.Debug|x64.Build.0 = Debug|Any CPU
		{846C5162-E4ED-484C-B8BD-9A6045AF8850}.Debug|x86.ActiveCfg = Debug|Any CPU
		{846C5162-E4ED-484C-B8BD-9A6045AF8850}.Debug|x86.Build.0 = Debug|Any CPU
		{846C5162-E4ED-484C-B8BD-9A6045AF8850}.Release|Any CPU.ActiveCfg = Release|Any CPU
		{846C5162-E4ED-484C-B8BD-9A6045AF8850}.Release|Any CPU.Build.0 = Release|Any CPU
		{846C5162-E4ED-484C-B8BD-9A6045AF8850}.Release|x64.ActiveCfg = Release|Any CPU
		{846C5162-E4ED-484C-B8BD-9A6045AF8850}.Release|x64.Build.0 = Release|Any CPU
		{846C5162-E4ED-484C-B8BD-9A6045AF8850}.Release|x86.ActiveCfg = Release|Any CPU
		{846C5162-E4ED-484C-B8BD-9A6045AF8850}.Release|x86.Build.0 = Release|Any CPU
		{7BA522BD-0BED-4051-AEDC-F10D6D35397A}.Debug|Any CPU.ActiveCfg = Debug|Any CPU
		{7BA522BD-0BED-4051-AEDC-F10D6D35397A}.Debug|Any CPU.Build.0 = Debug|Any CPU
		{7BA522BD-0BED-4051-AEDC-F10D6D35397A}.Debug|x64.ActiveCfg = Debug|Any CPU
		{7BA522BD-0BED-4051-AEDC-F10D6D35397A}.Debug|x64.Build.0 = Debug|Any CPU
		{7BA522BD-0BED-4051-AEDC-F10D6D35397A}.Debug|x86.ActiveCfg = Debug|Any CPU
		{7BA522BD-0BED-4051-AEDC-F10D6D35397A}.Debug|x86.Build.0 = Debug|Any CPU
		{7BA522BD-0BED-4051-AEDC-F10D6D35397A}.Release|Any CPU.ActiveCfg = Release|Any CPU
		{7BA522BD-0BED-4051-AEDC-F10D6D35397A}.Release|Any CPU.Build.0 = Release|Any CPU
		{7BA522BD-0BED-4051-AEDC-F10D6D35397A}.Release|x64.ActiveCfg = Release|Any CPU
		{7BA522BD-0BED-4051-AEDC-F10D6D35397A}.Release|x64.Build.0 = Release|Any CPU
		{7BA522BD-0BED-4051-AEDC-F10D6D35397A}.Release|x86.ActiveCfg = Release|Any CPU
		{7BA522BD-0BED-4051-AEDC-F10D6D35397A}.Release|x86.Build.0 = Release|Any CPU
	EndGlobalSection
	GlobalSection(SolutionProperties) = preSolution
		HideSolutionNode = FALSE
	EndGlobalSection
	GlobalSection(NestedProjects) = preSolution
		{60534A73-C49A-4318-9014-33633A9ADB8A} = {97762AE8-DB0B-4024-A0A5-49EE8CD23B5A}
		{86B7C98A-8067-4A5F-952A-20E18F3AC61E} = {97762AE8-DB0B-4024-A0A5-49EE8CD23B5A}
		{A017BFDF-310B-4054-B7EE-1A6E19C4E13D} = {97762AE8-DB0B-4024-A0A5-49EE8CD23B5A}
		{83AA5797-028F-4F5F-A517-E37D56D5C5EF} = {97762AE8-DB0B-4024-A0A5-49EE8CD23B5A}
		{89259CF8-1C49-45EC-B88F-416DBD07A011} = {97762AE8-DB0B-4024-A0A5-49EE8CD23B5A}
		{52B267BC-579C-482F-806C-139DAD50B7E4} = {C810F127-D199-485E-A2C2-8DD345B9B5B2}
		{34AFA6C3-76A4-4C16-AF9B-28B5B3716D34} = {C810F127-D199-485E-A2C2-8DD345B9B5B2}
		{846C5162-E4ED-484C-B8BD-9A6045AF8850} = {C810F127-D199-485E-A2C2-8DD345B9B5B2}
		{7BA522BD-0BED-4051-AEDC-F10D6D35397A} = {97762AE8-DB0B-4024-A0A5-49EE8CD23B5A}
	EndGlobalSection
EndGlobal
